
Microsoft Visual Studio Solution File, Format Version 12.00
# Visual Studio Version 17
VisualStudioVersion = 17.6.33723.286
MinimumVisualStudioVersion = 10.0.40219.1
Project("{FAE04EC0-301F-11D3-BF4B-00C04F79EFBC}") = "AGROTISTESTE", "AGROTISTESTE\AGROTISTESTE.csproj", "{A602C7D8-6971-4ED2-9492-B047B7EAF77B}"
EndProject
Global
	GlobalSection(SolutionConfigurationPlatforms) = preSolution
		Debug|Any CPU = Debug|Any CPU
		Release|Any CPU = Release|Any CPU
	EndGlobalSection
	GlobalSection(ProjectConfigurationPlatforms) = postSolution
		{A602C7D8-6971-4ED2-9492-B047B7EAF77B}.Debug|Any CPU.ActiveCfg = Debug|Any CPU
		{A602C7D8-6971-4ED2-9492-B047B7EAF77B}.Debug|Any CPU.Build.0 = Debug|Any CPU
		{A602C7D8-6971-4ED2-9492-B047B7EAF77B}.Release|Any CPU.ActiveCfg = Release|Any CPU
		{A602C7D8-6971-4ED2-9492-B047B7EAF77B}.Release|Any CPU.Build.0 = Release|Any CPU
	EndGlobalSection
	GlobalSection(SolutionProperties) = preSolution
		HideSolutionNode = FALSE
	EndGlobalSection
	GlobalSection(ExtensibilityGlobals) = postSolution
		SolutionGuid = {4E9A21ED-0560-4B3F-918C-F33CEB8D2248}
	EndGlobalSection
EndGlobal
